// !$*UTF8*$!
{
	archiveVersion = 1;
	classes = {
	};
	objectVersion = 56;
	objects = {

/* Begin PBXBuildFile section */
		32E6D61F28FE984700F7D66D /* TripsterApp.swift in Sources */ = {isa = PBXBuildFile; fileRef = 32E6D61E28FE984700F7D66D /* TripsterApp.swift */; };
		32E6D62128FE984700F7D66D /* ContentView.swift in Sources */ = {isa = PBXBuildFile; fileRef = 32E6D62028FE984700F7D66D /* ContentView.swift */; };
		32E6D62328FE984800F7D66D /* Assets.xcassets in Resources */ = {isa = PBXBuildFile; fileRef = 32E6D62228FE984800F7D66D /* Assets.xcassets */; };
		32E6D62728FE984800F7D66D /* Preview Assets.xcassets in Resources */ = {isa = PBXBuildFile; fileRef = 32E6D62628FE984800F7D66D /* Preview Assets.xcassets */; };
		32E6D63128FE984900F7D66D /* TripsterTests.swift in Sources */ = {isa = PBXBuildFile; fileRef = 32E6D63028FE984900F7D66D /* TripsterTests.swift */; };
		32E6D63B28FE984900F7D66D /* TripsterUITests.swift in Sources */ = {isa = PBXBuildFile; fileRef = 32E6D63A28FE984900F7D66D /* TripsterUITests.swift */; };
		32E6D63D28FE984900F7D66D /* TripsterUITestsLaunchTests.swift in Sources */ = {isa = PBXBuildFile; fileRef = 32E6D63C28FE984900F7D66D /* TripsterUITestsLaunchTests.swift */; };
/* End PBXBuildFile section */

/* Begin PBXContainerItemProxy section */
		32E6D62D28FE984900F7D66D /* PBXContainerItemProxy */ = {
			isa = PBXContainerItemProxy;
			containerPortal = 32E6D61328FE984700F7D66D /* Project object */;
			proxyType = 1;
			remoteGlobalIDString = 32E6D61A28FE984700F7D66D;
			remoteInfo = Tripster;
		};
		32E6D63728FE984900F7D66D /* PBXContainerItemProxy */ = {
			isa = PBXContainerItemProxy;
			containerPortal = 32E6D61328FE984700F7D66D /* Project object */;
			proxyType = 1;
			remoteGlobalIDString = 32E6D61A28FE984700F7D66D;
			remoteInfo = Tripster;
		};
/* End PBXContainerItemProxy section */

/* Begin PBXFileReference section */
		32E6D61B28FE984700F7D66D /* Tripster.app */ = {isa = PBXFileReference; explicitFileType = wrapper.application; includeInIndex = 0; path = Tripster.app; sourceTree = BUILT_PRODUCTS_DIR; };
		32E6D61E28FE984700F7D66D /* TripsterApp.swift */ = {isa = PBXFileReference; lastKnownFileType = sourcecode.swift; path = TripsterApp.swift; sourceTree = "<group>"; };
		32E6D62028FE984700F7D66D /* ContentView.swift */ = {isa = PBXFileReference; lastKnownFileType = sourcecode.swift; path = ContentView.swift; sourceTree = "<group>"; };
		32E6D62228FE984800F7D66D /* Assets.xcassets */ = {isa = PBXFileReference; lastKnownFileType = folder.assetcatalog; path = Assets.xcassets; sourceTree = "<group>"; };
		32E6D62428FE984800F7D66D /* Tripster.entitlements */ = {isa = PBXFileReference; lastKnownFileType = text.plist.entitlements; path = Tripster.entitlements; sourceTree = "<group>"; };
		32E6D62628FE984800F7D66D /* Preview Assets.xcassets */ = {isa = PBXFileReference; lastKnownFileType = folder.assetcatalog; path = "Preview Assets.xcassets"; sourceTree = "<group>"; };
		32E6D62C28FE984900F7D66D /* TripsterTests.xctest */ = {isa = PBXFileReference; explicitFileType = wrapper.cfbundle; includeInIndex = 0; path = TripsterTests.xctest; sourceTree = BUILT_PRODUCTS_DIR; };
		32E6D63028FE984900F7D66D /* TripsterTests.swift */ = {isa = PBXFileReference; lastKnownFileType = sourcecode.swift; path = TripsterTests.swift; sourceTree = "<group>"; };
		32E6D63628FE984900F7D66D /* TripsterUITests.xctest */ = {isa = PBXFileReference; explicitFileType = wrapper.cfbundle; includeInIndex = 0; path = TripsterUITests.xctest; sourceTree = BUILT_PRODUCTS_DIR; };
		32E6D63A28FE984900F7D66D /* TripsterUITests.swift */ = {isa = PBXFileReference; lastKnownFileType = sourcecode.swift; path = TripsterUITests.swift; sourceTree = "<group>"; };
		32E6D63C28FE984900F7D66D /* TripsterUITestsLaunchTests.swift */ = {isa = PBXFileReference; lastKnownFileType = sourcecode.swift; path = TripsterUITestsLaunchTests.swift; sourceTree = "<group>"; };
/* End PBXFileReference section */

/* Begin PBXFrameworksBuildPhase section */
		32E6D61828FE984700F7D66D /* Frameworks */ = {
			isa = PBXFrameworksBuildPhase;
			buildActionMask = 2147483647;
			files = (
			);
			runOnlyForDeploymentPostprocessing = 0;
		};
		32E6D62928FE984900F7D66D /* Frameworks */ = {
			isa = PBXFrameworksBuildPhase;
			buildActionMask = 2147483647;
			files = (
			);
			runOnlyForDeploymentPostprocessing = 0;
		};
		32E6D63328FE984900F7D66D /* Frameworks */ = {
			isa = PBXFrameworksBuildPhase;
			buildActionMask = 2147483647;
			files = (
			);
			runOnlyForDeploymentPostprocessing = 0;
		};
/* End PBXFrameworksBuildPhase section */

/* Begin PBXGroup section */
		32E6D61228FE984700F7D66D = {
			isa = PBXGroup;
			children = (
				32E6D61D28FE984700F7D66D /* Tripster */,
				32E6D62F28FE984900F7D66D /* TripsterTests */,
				32E6D63928FE984900F7D66D /* TripsterUITests */,
				32E6D61C28FE984700F7D66D /* Products */,
			);
			sourceTree = "<group>";
		};
		32E6D61C28FE984700F7D66D /* Products */ = {
			isa = PBXGroup;
			children = (
				32E6D61B28FE984700F7D66D /* Tripster.app */,
				32E6D62C28FE984900F7D66D /* TripsterTests.xctest */,
				32E6D63628FE984900F7D66D /* TripsterUITests.xctest */,
			);
			name = Products;
			sourceTree = "<group>";
		};
		32E6D61D28FE984700F7D66D /* Tripster */ = {
			isa = PBXGroup;
			children = (
				32E6D61E28FE984700F7D66D /* TripsterApp.swift */,
				32E6D62028FE984700F7D66D /* ContentView.swift */,
				32E6D62228FE984800F7D66D /* Assets.xcassets */,
				32E6D62428FE984800F7D66D /* Tripster.entitlements */,
				32E6D62528FE984800F7D66D /* Preview Content */,
			);
			path = Tripster;
			sourceTree = "<group>";
		};
		32E6D62528FE984800F7D66D /* Preview Content */ = {
			isa = PBXGroup;
			children = (
				32E6D62628FE984800F7D66D /* Preview Assets.xcassets */,
			);
			path = "Preview Content";
			sourceTree = "<group>";
		};
		32E6D62F28FE984900F7D66D /* TripsterTests */ = {
			isa = PBXGroup;
			children = (
				32E6D63028FE984900F7D66D /* TripsterTests.swift */,
			);
			path = TripsterTests;
			sourceTree = "<group>";
		};
		32E6D63928FE984900F7D66D /* TripsterUITests */ = {
			isa = PBXGroup;
			children = (
				32E6D63A28FE984900F7D66D /* TripsterUITests.swift */,
				32E6D63C28FE984900F7D66D /* TripsterUITestsLaunchTests.swift */,
			);
			path = TripsterUITests;
			sourceTree = "<group>";
		};
/* End PBXGroup section */

/* Begin PBXNativeTarget section */
		32E6D61A28FE984700F7D66D /* Tripster */ = {
			isa = PBXNativeTarget;
			buildConfigurationList = 32E6D64028FE984900F7D66D /* Build configuration list for PBXNativeTarget "Tripster" */;
			buildPhases = (
				32E6D61728FE984700F7D66D /* Sources */,
				32E6D61828FE984700F7D66D /* Frameworks */,
				32E6D61928FE984700F7D66D /* Resources */,
			);
			buildRules = (
			);
			dependencies = (
			);
			name = Tripster;
			productName = Tripster;
			productReference = 32E6D61B28FE984700F7D66D /* Tripster.app */;
			productType = "com.apple.product-type.application";
		};
		32E6D62B28FE984900F7D66D /* TripsterTests */ = {
			isa = PBXNativeTarget;
			buildConfigurationList = 32E6D64328FE984900F7D66D /* Build configuration list for PBXNativeTarget "TripsterTests" */;
			buildPhases = (
				32E6D62828FE984900F7D66D /* Sources */,
				32E6D62928FE984900F7D66D /* Frameworks */,
				32E6D62A28FE984900F7D66D /* Resources */,
			);
			buildRules = (
			);
			dependencies = (
				32E6D62E28FE984900F7D66D /* PBXTargetDependency */,
			);
			name = TripsterTests;
			productName = TripsterTests;
			productReference = 32E6D62C28FE984900F7D66D /* TripsterTests.xctest */;
			productType = "com.apple.product-type.bundle.unit-test";
		};
		32E6D63528FE984900F7D66D /* TripsterUITests */ = {
			isa = PBXNativeTarget;
			buildConfigurationList = 32E6D64628FE984900F7D66D /* Build configuration list for PBXNativeTarget "TripsterUITests" */;
			buildPhases = (
				32E6D63228FE984900F7D66D /* Sources */,
				32E6D63328FE984900F7D66D /* Frameworks */,
				32E6D63428FE984900F7D66D /* Resources */,
			);
			buildRules = (
			);
			dependencies = (
				32E6D63828FE984900F7D66D /* PBXTargetDependency */,
			);
			name = TripsterUITests;
			productName = TripsterUITests;
			productReference = 32E6D63628FE984900F7D66D /* TripsterUITests.xctest */;
			productType = "com.apple.product-type.bundle.ui-testing";
		};
/* End PBXNativeTarget section */

/* Begin PBXProject section */
		32E6D61328FE984700F7D66D /* Project object */ = {
			isa = PBXProject;
			attributes = {
				BuildIndependentTargetsInParallel = 1;
				LastSwiftUpdateCheck = 1400;
				LastUpgradeCheck = 1400;
				TargetAttributes = {
					32E6D61A28FE984700F7D66D = {
						CreatedOnToolsVersion = 14.0.1;
					};
					32E6D62B28FE984900F7D66D = {
						CreatedOnToolsVersion = 14.0.1;
						TestTargetID = 32E6D61A28FE984700F7D66D;
					};
					32E6D63528FE984900F7D66D = {
						CreatedOnToolsVersion = 14.0.1;
						TestTargetID = 32E6D61A28FE984700F7D66D;
					};
				};
			};
			buildConfigurationList = 32E6D61628FE984700F7D66D /* Build configuration list for PBXProject "Tripster" */;
			compatibilityVersion = "Xcode 14.0";
			developmentRegion = en;
			hasScannedForEncodings = 0;
			knownRegions = (
				en,
				Base,
			);
			mainGroup = 32E6D61228FE984700F7D66D;
			productRefGroup = 32E6D61C28FE984700F7D66D /* Products */;
			projectDirPath = "";
			projectRoot = "";
			targets = (
				32E6D61A28FE984700F7D66D /* Tripster */,
				32E6D62B28FE984900F7D66D /* TripsterTests */,
				32E6D63528FE984900F7D66D /* TripsterUITests */,
			);
		};
/* End PBXProject section */

/* Begin PBXResourcesBuildPhase section */
		32E6D61928FE984700F7D66D /* Resources */ = {
			isa = PBXResourcesBuildPhase;
			buildActionMask = 2147483647;
			files = (
				32E6D62728FE984800F7D66D /* Preview Assets.xcassets in Resources */,
				32E6D62328FE984800F7D66D /* Assets.xcassets in Resources */,
			);
			runOnlyForDeploymentPostprocessing = 0;
		};
		32E6D62A28FE984900F7D66D /* Resources */ = {
			isa = PBXResourcesBuildPhase;
			buildActionMask = 2147483647;
			files = (
			);
			runOnlyForDeploymentPostprocessing = 0;
		};
		32E6D63428FE984900F7D66D /* Resources */ = {
			isa = PBXResourcesBuildPhase;
			buildActionMask = 2147483647;
			files = (
			);
			runOnlyForDeploymentPostprocessing = 0;
		};
/* End PBXResourcesBuildPhase section */

/* Begin PBXSourcesBuildPhase section */
		32E6D61728FE984700F7D66D /* Sources */ = {
			isa = PBXSourcesBuildPhase;
			buildActionMask = 2147483647;
			files = (
				32E6D62128FE984700F7D66D /* ContentView.swift in Sources */,
				32E6D61F28FE984700F7D66D /* TripsterApp.swift in Sources */,
			);
			runOnlyForDeploymentPostprocessing = 0;
		};
		32E6D62828FE984900F7D66D /* Sources */ = {
			isa = PBXSourcesBuildPhase;
			buildActionMask = 2147483647;
			files = (
				32E6D63128FE984900F7D66D /* TripsterTests.swift in Sources */,
			);
			runOnlyForDeploymentPostprocessing = 0;
		};
		32E6D63228FE984900F7D66D /* Sources */ = {
			isa = PBXSourcesBuildPhase;
			buildActionMask = 2147483647;
			files = (
				32E6D63D28FE984900F7D66D /* TripsterUITestsLaunchTests.swift in Sources */,
				32E6D63B28FE984900F7D66D /* TripsterUITests.swift in Sources */,
			);
			runOnlyForDeploymentPostprocessing = 0;
		};
/* End PBXSourcesBuildPhase section */

/* Begin PBXTargetDependency section */
		32E6D62E28FE984900F7D66D /* PBXTargetDependency */ = {
			isa = PBXTargetDependency;
			target = 32E6D61A28FE984700F7D66D /* Tripster */;
			targetProxy = 32E6D62D28FE984900F7D66D /* PBXContainerItemProxy */;
		};
		32E6D63828FE984900F7D66D /* PBXTargetDependency */ = {
			isa = PBXTargetDependency;
			target = 32E6D61A28FE984700F7D66D /* Tripster */;
			targetProxy = 32E6D63728FE984900F7D66D /* PBXContainerItemProxy */;
		};
/* End PBXTargetDependency section */

/* Begin XCBuildConfiguration section */
		32E6D63E28FE984900F7D66D /* Debug */ = {
			isa = XCBuildConfiguration;
			buildSettings = {
				ALWAYS_SEARCH_USER_PATHS = NO;
				CLANG_ANALYZER_NONNULL = YES;
				CLANG_ANALYZER_NUMBER_OBJECT_CONVERSION = YES_AGGRESSIVE;
				CLANG_CXX_LANGUAGE_STANDARD = "gnu++20";
				CLANG_ENABLE_MODULES = YES;
				CLANG_ENABLE_OBJC_ARC = YES;
				CLANG_ENABLE_OBJC_WEAK = YES;
				CLANG_WARN_BLOCK_CAPTURE_AUTORELEASING = YES;
				CLANG_WARN_BOOL_CONVERSION = YES;
				CLANG_WARN_COMMA = YES;
				CLANG_WARN_CONSTANT_CONVERSION = YES;
				CLANG_WARN_DEPRECATED_OBJC_IMPLEMENTATIONS = YES;
				CLANG_WARN_DIRECT_OBJC_ISA_USAGE = YES_ERROR;
				CLANG_WARN_DOCUMENTATION_COMMENTS = YES;
				CLANG_WARN_EMPTY_BODY = YES;
				CLANG_WARN_ENUM_CONVERSION = YES;
				CLANG_WARN_INFINITE_RECURSION = YES;
				CLANG_WARN_INT_CONVERSION = YES;
				CLANG_WARN_NON_LITERAL_NULL_CONVERSION = YES;
				CLANG_WARN_OBJC_IMPLICIT_RETAIN_SELF = YES;
				CLANG_WARN_OBJC_LITERAL_CONVERSION = YES;
				CLANG_WARN_OBJC_ROOT_CLASS = YES_ERROR;
				CLANG_WARN_QUOTED_INCLUDE_IN_FRAMEWORK_HEADER = YES;
				CLANG_WARN_RANGE_LOOP_ANALYSIS = YES;
				CLANG_WARN_STRICT_PROTOTYPES = YES;
				CLANG_WARN_SUSPICIOUS_MOVE = YES;
				CLANG_WARN_UNGUARDED_AVAILABILITY = YES_AGGRESSIVE;
				CLANG_WARN_UNREACHABLE_CODE = YES;
				CLANG_WARN__DUPLICATE_METHOD_MATCH = YES;
				COPY_PHASE_STRIP = NO;
				DEBUG_INFORMATION_FORMAT = dwarf;
				ENABLE_STRICT_OBJC_MSGSEND = YES;
				ENABLE_TESTABILITY = YES;
				GCC_C_LANGUAGE_STANDARD = gnu11;
				GCC_DYNAMIC_NO_PIC = NO;
				GCC_NO_COMMON_BLOCKS = YES;
				GCC_OPTIMIZATION_LEVEL = 0;
				GCC_PREPROCESSOR_DEFINITIONS = (
					"DEBUG=1",
					"$(inherited)",
				);
				GCC_WARN_64_TO_32_BIT_CONVERSION = YES;
				GCC_WARN_ABOUT_RETURN_TYPE = YES_ERROR;
				GCC_WARN_UNDECLARED_SELECTOR = YES;
				GCC_WARN_UNINITIALIZED_AUTOS = YES_AGGRESSIVE;
				GCC_WARN_UNUSED_FUNCTION = YES;
				GCC_WARN_UNUSED_VARIABLE = YES;
				MTL_ENABLE_DEBUG_INFO = INCLUDE_SOURCE;
				MTL_FAST_MATH = YES;
				ONLY_ACTIVE_ARCH = YES;
				SWIFT_ACTIVE_COMPILATION_CONDITIONS = DEBUG;
				SWIFT_OPTIMIZATION_LEVEL = "-Onone";
			};
			name = Debug;
		};
		32E6D63F28FE984900F7D66D /* Release */ = {
			isa = XCBuildConfiguration;
			buildSettings = {
				ALWAYS_SEARCH_USER_PATHS = NO;
				CLANG_ANALYZER_NONNULL = YES;
				CLANG_ANALYZER_NUMBER_OBJECT_CONVERSION = YES_AGGRESSIVE;
				CLANG_CXX_LANGUAGE_STANDARD = "gnu++20";
				CLANG_ENABLE_MODULES = YES;
				CLANG_ENABLE_OBJC_ARC = YES;
				CLANG_ENABLE_OBJC_WEAK = YES;
				CLANG_WARN_BLOCK_CAPTURE_AUTORELEASING = YES;
				CLANG_WARN_BOOL_CONVERSION = YES;
				CLANG_WARN_COMMA = YES;
				CLANG_WARN_CONSTANT_CONVERSION = YES;
				CLANG_WARN_DEPRECATED_OBJC_IMPLEMENTATIONS = YES;
				CLANG_WARN_DIRECT_OBJC_ISA_USAGE = YES_ERROR;
				CLANG_WARN_DOCUMENTATION_COMMENTS = YES;
				CLANG_WARN_EMPTY_BODY = YES;
				CLANG_WARN_ENUM_CONVERSION = YES;
				CLANG_WARN_INFINITE_RECURSION = YES;
				CLANG_WARN_INT_CONVERSION = YES;
				CLANG_WARN_NON_LITERAL_NULL_CONVERSION = YES;
				CLANG_WARN_OBJC_IMPLICIT_RETAIN_SELF = YES;
				CLANG_WARN_OBJC_LITERAL_CONVERSION = YES;
				CLANG_WARN_OBJC_ROOT_CLASS = YES_ERROR;
				CLANG_WARN_QUOTED_INCLUDE_IN_FRAMEWORK_HEADER = YES;
				CLANG_WARN_RANGE_LOOP_ANALYSIS = YES;
				CLANG_WARN_STRICT_PROTOTYPES = YES;
				CLANG_WARN_SUSPICIOUS_MOVE = YES;
				CLANG_WARN_UNGUARDED_AVAILABILITY = YES_AGGRESSIVE;
				CLANG_WARN_UNREACHABLE_CODE = YES;
				CLANG_WARN__DUPLICATE_METHOD_MATCH = YES;
				COPY_PHASE_STRIP = NO;
				DEBUG_INFORMATION_FORMAT = "dwarf-with-dsym";
				ENABLE_NS_ASSERTIONS = NO;
				ENABLE_STRICT_OBJC_MSGSEND = YES;
				GCC_C_LANGUAGE_STANDARD = gnu11;
				GCC_NO_COMMON_BLOCKS = YES;
				GCC_WARN_64_TO_32_BIT_CONVERSION = YES;
				GCC_WARN_ABOUT_RETURN_TYPE = YES_ERROR;
				GCC_WARN_UNDECLARED_SELECTOR = YES;
				GCC_WARN_UNINITIALIZED_AUTOS = YES_AGGRESSIVE;
				GCC_WARN_UNUSED_FUNCTION = YES;
				GCC_WARN_UNUSED_VARIABLE = YES;
				MTL_ENABLE_DEBUG_INFO = NO;
				MTL_FAST_MATH = YES;
				SWIFT_COMPILATION_MODE = wholemodule;
				SWIFT_OPTIMIZATION_LEVEL = "-O";
			};
			name = Release;
		};
		32E6D64128FE984900F7D66D /* Debug */ = {
			isa = XCBuildConfiguration;
			buildSettings = {
				ASSETCATALOG_COMPILER_APPICON_NAME = AppIcon;
				ASSETCATALOG_COMPILER_GLOBAL_ACCENT_COLOR_NAME = AccentColor;
				CODE_SIGN_ENTITLEMENTS = Tripster/Tripster.entitlements;
				CODE_SIGN_STYLE = Automatic;
				CURRENT_PROJECT_VERSION = 1;
				DEVELOPMENT_ASSET_PATHS = "\"Tripster/Preview Content\"";
				DEVELOPMENT_TEAM = FWFB8343U3;
				ENABLE_HARDENED_RUNTIME = YES;
				ENABLE_PREVIEWS = YES;
				GENERATE_INFOPLIST_FILE = YES;
				"INFOPLIST_KEY_UIApplicationSceneManifest_Generation[sdk=iphoneos*]" = YES;
				"INFOPLIST_KEY_UIApplicationSceneManifest_Generation[sdk=iphonesimulator*]" = YES;
				"INFOPLIST_KEY_UIApplicationSupportsIndirectInputEvents[sdk=iphoneos*]" = YES;
				"INFOPLIST_KEY_UIApplicationSupportsIndirectInputEvents[sdk=iphonesimulator*]" = YES;
				"INFOPLIST_KEY_UILaunchScreen_Generation[sdk=iphoneos*]" = YES;
				"INFOPLIST_KEY_UILaunchScreen_Generation[sdk=iphonesimulator*]" = YES;
				"INFOPLIST_KEY_UIStatusBarStyle[sdk=iphoneos*]" = UIStatusBarStyleDefault;
				"INFOPLIST_KEY_UIStatusBarStyle[sdk=iphonesimulator*]" = UIStatusBarStyleDefault;
				INFOPLIST_KEY_UISupportedInterfaceOrientations_iPad = "UIInterfaceOrientationPortrait UIInterfaceOrientationPortraitUpsideDown UIInterfaceOrientationLandscapeLeft UIInterfaceOrientationLandscapeRight";
				INFOPLIST_KEY_UISupportedInterfaceOrientations_iPhone = "UIInterfaceOrientationPortrait UIInterfaceOrientationLandscapeLeft UIInterfaceOrientationLandscapeRight";
				IPHONEOS_DEPLOYMENT_TARGET = 16.0;
				LD_RUNPATH_SEARCH_PATHS = "@executable_path/Frameworks";
				"LD_RUNPATH_SEARCH_PATHS[sdk=macosx*]" = "@executable_path/../Frameworks";
				MACOSX_DEPLOYMENT_TARGET = 12.3;
				MARKETING_VERSION = 1.0;
				PRODUCT_BUNDLE_IDENTIFIER = vincent.Tripster;
				PRODUCT_NAME = "$(TARGET_NAME)";
				SDKROOT = auto;
				SUPPORTED_PLATFORMS = "iphoneos iphonesimulator macosx";
				SWIFT_EMIT_LOC_STRINGS = YES;
				SWIFT_VERSION = 5.0;
				TARGETED_DEVICE_FAMILY = "1,2";
			};
			name = Debug;
		};
		32E6D64228FE984900F7D66D /* Release */ = {
			isa = XCBuildConfiguration;
			buildSettings = {
				ASSETCATALOG_COMPILER_APPICON_NAME = AppIcon;
				ASSETCATALOG_COMPILER_GLOBAL_ACCENT_COLOR_NAME = AccentColor;
				CODE_SIGN_ENTITLEMENTS = Tripster/Tripster.entitlements;
				CODE_SIGN_STYLE = Automatic;
				CURRENT_PROJECT_VERSION = 1;
				DEVELOPMENT_ASSET_PATHS = "\"Tripster/Preview Content\"";
				DEVELOPMENT_TEAM = FWFB8343U3;
				ENABLE_HARDENED_RUNTIME = YES;
				ENABLE_PREVIEWS = YES;
				GENERATE_INFOPLIST_FILE = YES;
				"INFOPLIST_KEY_UIApplicationSceneManifest_Generation[sdk=iphoneos*]" = YES;
				"INFOPLIST_KEY_UIApplicationSceneManifest_Generation[sdk=iphonesimulator*]" = YES;
				"INFOPLIST_KEY_UIApplicationSupportsIndirectInputEvents[sdk=iphoneos*]" = YES;
				"INFOPLIST_KEY_UIApplicationSupportsIndirectInputEvents[sdk=iphonesimulator*]" = YES;
				"INFOPLIST_KEY_UILaunchScreen_Generation[sdk=iphoneos*]" = YES;
				"INFOPLIST_KEY_UILaunchScreen_Generation[sdk=iphonesimulator*]" = YES;
				"INFOPLIST_KEY_UIStatusBarStyle[sdk=iphoneos*]" = UIStatusBarStyleDefault;
				"INFOPLIST_KEY_UIStatusBarStyle[sdk=iphonesimulator*]" = UIStatusBarStyleDefault;
				INFOPLIST_KEY_UISupportedInterfaceOrientations_iPad = "UIInterfaceOrientationPortrait UIInterfaceOrientationPortraitUpsideDown UIInterfaceOrientationLandscapeLeft UIInterfaceOrientationLandscapeRight";
				INFOPLIST_KEY_UISupportedInterfaceOrientations_iPhone = "UIInterfaceOrientationPortrait UIInterfaceOrientationLandscapeLeft UIInterfaceOrientationLandscapeRight";
				IPHONEOS_DEPLOYMENT_TARGET = 16.0;
				LD_RUNPATH_SEARCH_PATHS = "@executable_path/Frameworks";
				"LD_RUNPATH_SEARCH_PATHS[sdk=macosx*]" = "@executable_path/../Frameworks";
				MACOSX_DEPLOYMENT_TARGET = 12.3;
				MARKETING_VERSION = 1.0;
				PRODUCT_BUNDLE_IDENTIFIER = vincent.Tripster;
				PRODUCT_NAME = "$(TARGET_NAME)";
				SDKROOT = auto;
				SUPPORTED_PLATFORMS = "iphoneos iphonesimulator macosx";
				SWIFT_EMIT_LOC_STRINGS = YES;
				SWIFT_VERSION = 5.0;
				TARGETED_DEVICE_FAMILY = "1,2";
			};
			name = Release;
		};
		32E6D64428FE984900F7D66D /* Debug */ = {
			isa = XCBuildConfiguration;
			buildSettings = {
				ALWAYS_EMBED_SWIFT_STANDARD_LIBRARIES = YES;
				BUNDLE_LOADER = "$(TEST_HOST)";
				CODE_SIGN_STYLE = Automatic;
				CURRENT_PROJECT_VERSION = 1;
				DEVELOPMENT_TEAM = FWFB8343U3;
				GENERATE_INFOPLIST_FILE = YES;
				IPHONEOS_DEPLOYMENT_TARGET = 16.0;
				MACOSX_DEPLOYMENT_TARGET = 12.3;
				MARKETING_VERSION = 1.0;
				PRODUCT_BUNDLE_IDENTIFIER = vincent.TripsterTests;
				PRODUCT_NAME = "$(TARGET_NAME)";
				SDKROOT = auto;
				SUPPORTED_PLATFORMS = "iphoneos iphonesimulator macosx";
				SWIFT_EMIT_LOC_STRINGS = NO;
				SWIFT_VERSION = 5.0;
				TARGETED_DEVICE_FAMILY = "1,2";
				TEST_HOST = "$(BUILT_PRODUCTS_DIR)/Tripster.app/$(BUNDLE_EXECUTABLE_FOLDER_PATH)/Tripster";
			};
			name = Debug;
		};
		32E6D64528FE984900F7D66D /* Release */ = {
			isa = XCBuildConfiguration;
			buildSettings = {
				ALWAYS_EMBED_SWIFT_STANDARD_LIBRARIES = YES;
				BUNDLE_LOADER = "$(TEST_HOST)";
				CODE_SIGN_STYLE = Automatic;
				CURRENT_PROJECT_VERSION = 1;
				DEVELOPMENT_TEAM = FWFB8343U3;
				GENERATE_INFOPLIST_FILE = YES;
				IPHONEOS_DEPLOYMENT_TARGET = 16.0;
				MACOSX_DEPLOYMENT_TARGET = 12.3;
				MARKETING_VERSION = 1.0;
				PRODUCT_BUNDLE_IDENTIFIER = vincent.TripsterTests;
				PRODUCT_NAME = "$(TARGET_NAME)";
				SDKROOT = auto;
				SUPPORTED_PLATFORMS = "iphoneos iphonesimulator macosx";
				SWIFT_EMIT_LOC_STRINGS = NO;
				SWIFT_VERSION = 5.0;
				TARGETED_DEVICE_FAMILY = "1,2";
				TEST_HOST = "$(BUILT_PRODUCTS_DIR)/Tripster.app/$(BUNDLE_EXECUTABLE_FOLDER_PATH)/Tripster";
			};
			name = Release;
		};
		32E6D64728FE984900F7D66D /* Debug */ = {
			isa = XCBuildConfiguration;
			buildSettings = {
				ALWAYS_EMBED_SWIFT_STANDARD_LIBRARIES = YES;
				CODE_SIGN_STYLE = Automatic;
				CURRENT_PROJECT_VERSION = 1;
				DEVELOPMENT_TEAM = FWFB8343U3;
				GENERATE_INFOPLIST_FILE = YES;
				IPHONEOS_DEPLOYMENT_TARGET = 16.0;
				MACOSX_DEPLOYMENT_TARGET = 12.3;
				MARKETING_VERSION = 1.0;
				PRODUCT_BUNDLE_IDENTIFIER = vincent.TripsterUITests;
				PRODUCT_NAME = "$(TARGET_NAME)";
				SDKROOT = auto;
				SUPPORTED_PLATFORMS = "iphoneos iphonesimulator macosx";
				SWIFT_EMIT_LOC_STRINGS = NO;
				SWIFT_VERSION = 5.0;
				TARGETED_DEVICE_FAMILY = "1,2";
				TEST_TARGET_NAME = Tripster;
			};
			name = Debug;
		};
		32E6D64828FE984900F7D66D /* Release */ = {
			isa = XCBuildConfiguration;
			buildSettings = {
				ALWAYS_EMBED_SWIFT_STANDARD_LIBRARIES = YES;
				CODE_SIGN_STYLE = Automatic;
				CURRENT_PROJECT_VERSION = 1;
				DEVELOPMENT_TEAM = FWFB8343U3;
				GENERATE_INFOPLIST_FILE = YES;
				IPHONEOS_DEPLOYMENT_TARGET = 16.0;
				MACOSX_DEPLOYMENT_TARGET = 12.3;
				MARKETING_VERSION = 1.0;
				PRODUCT_BUNDLE_IDENTIFIER = vincent.TripsterUITests;
				PRODUCT_NAME = "$(TARGET_NAME)";
				SDKROOT = auto;
				SUPPORTED_PLATFORMS = "iphoneos iphonesimulator macosx";
				SWIFT_EMIT_LOC_STRINGS = NO;
				SWIFT_VERSION = 5.0;
				TARGETED_DEVICE_FAMILY = "1,2";
				TEST_TARGET_NAME = Tripster;
			};
			name = Release;
		};
/* End XCBuildConfiguration section */

/* Begin XCConfigurationList section */
		32E6D61628FE984700F7D66D /* Build configuration list for PBXProject "Tripster" */ = {
			isa = XCConfigurationList;
			buildConfigurations = (
				32E6D63E28FE984900F7D66D /* Debug */,
				32E6D63F28FE984900F7D66D /* Release */,
			);
			defaultConfigurationIsVisible = 0;
			defaultConfigurationName = Release;
		};
		32E6D64028FE984900F7D66D /* Build configuration list for PBXNativeTarget "Tripster" */ = {
			isa = XCConfigurationList;
			buildConfigurations = (
				32E6D64128FE984900F7D66D /* Debug */,
				32E6D64228FE984900F7D66D /* Release */,
			);
			defaultConfigurationIsVisible = 0;
			defaultConfigurationName = Release;
		};
		32E6D64328FE984900F7D66D /* Build configuration list for PBXNativeTarget "TripsterTests" */ = {
			isa = XCConfigurationList;
			buildConfigurations = (
				32E6D64428FE984900F7D66D /* Debug */,
				32E6D64528FE984900F7D66D /* Release */,
			);
			defaultConfigurationIsVisible = 0;
			defaultConfigurationName = Release;
		};
		32E6D64628FE984900F7D66D /* Build configuration list for PBXNativeTarget "TripsterUITests" */ = {
			isa = XCConfigurationList;
			buildConfigurations = (
				32E6D64728FE984900F7D66D /* Debug */,
				32E6D64828FE984900F7D66D /* Release */,
			);
			defaultConfigurationIsVisible = 0;
			defaultConfigurationName = Release;
		};
/* End XCConfigurationList section */
	};
	rootObject = 32E6D61328FE984700F7D66D /* Project object */;
}
